// !$*UTF8*$!
{
	archiveVersion = 1;
	classes = {
	};
	objectVersion = 50;
	objects = {

/* Begin PBXBuildFile section */
		6516037B2248969D00D99718 /* EntrantErrors.swift in Sources */ = {isa = PBXBuildFile; fileRef = 6516037A2248969D00D99718 /* EntrantErrors.swift */; };
		656DF20C223E2B2700FE3848 /* Passes.swift in Sources */ = {isa = PBXBuildFile; fileRef = 656DF20B223E2B2700FE3848 /* Passes.swift */; };
		656DF20E223E2CB700FE3848 /* Test.swift in Sources */ = {isa = PBXBuildFile; fileRef = 656DF20D223E2CB700FE3848 /* Test.swift */; };
		656DF210223EC09E00FE3848 /* Kiosk.swift in Sources */ = {isa = PBXBuildFile; fileRef = 656DF20F223EC09E00FE3848 /* Kiosk.swift */; };
		65D226B0222AFEA400D85CFA /* AppDelegate.swift in Sources */ = {isa = PBXBuildFile; fileRef = 65D226AF222AFEA400D85CFA /* AppDelegate.swift */; };
		65D226B2222AFEA400D85CFA /* ViewController.swift in Sources */ = {isa = PBXBuildFile; fileRef = 65D226B1222AFEA400D85CFA /* ViewController.swift */; };
		65D226B5222AFEA400D85CFA /* Main.storyboard in Resources */ = {isa = PBXBuildFile; fileRef = 65D226B3222AFEA400D85CFA /* Main.storyboard */; };
		65D226B7222AFEA500D85CFA /* Assets.xcassets in Resources */ = {isa = PBXBuildFile; fileRef = 65D226B6222AFEA500D85CFA /* Assets.xcassets */; };
		65D226BA222AFEA500D85CFA /* LaunchScreen.storyboard in Resources */ = {isa = PBXBuildFile; fileRef = 65D226B8222AFEA500D85CFA /* LaunchScreen.storyboard */; };
		65D226C2222BC01000D85CFA /* Entrents.swift in Sources */ = {isa = PBXBuildFile; fileRef = 65D226C1222BC01000D85CFA /* Entrents.swift */; };
		BF43D2F5224DA035007CFC42 /* Extensions.swift in Sources */ = {isa = PBXBuildFile; fileRef = BF43D2F4224DA035007CFC42 /* Extensions.swift */; };
/* End PBXBuildFile section */

/* Begin PBXFileReference section */
		6516037A2248969D00D99718 /* EntrantErrors.swift */ = {isa = PBXFileReference; lastKnownFileType = sourcecode.swift; path = EntrantErrors.swift; sourceTree = "<group>"; };
		656DF20B223E2B2700FE3848 /* Passes.swift */ = {isa = PBXFileReference; lastKnownFileType = sourcecode.swift; path = Passes.swift; sourceTree = "<group>"; };
		656DF20D223E2CB700FE3848 /* Test.swift */ = {isa = PBXFileReference; lastKnownFileType = sourcecode.swift; path = Test.swift; sourceTree = "<group>"; };
		656DF20F223EC09E00FE3848 /* Kiosk.swift */ = {isa = PBXFileReference; lastKnownFileType = sourcecode.swift; path = Kiosk.swift; sourceTree = "<group>"; };
		65D226AC222AFEA400D85CFA /* AmusementPark.app */ = {isa = PBXFileReference; explicitFileType = wrapper.application; includeInIndex = 0; path = AmusementPark.app; sourceTree = BUILT_PRODUCTS_DIR; };
		65D226AF222AFEA400D85CFA /* AppDelegate.swift */ = {isa = PBXFileReference; lastKnownFileType = sourcecode.swift; path = AppDelegate.swift; sourceTree = "<group>"; };
		65D226B1222AFEA400D85CFA /* ViewController.swift */ = {isa = PBXFileReference; lastKnownFileType = sourcecode.swift; path = ViewController.swift; sourceTree = "<group>"; };
		65D226B4222AFEA400D85CFA /* Base */ = {isa = PBXFileReference; lastKnownFileType = file.storyboard; name = Base; path = Base.lproj/Main.storyboard; sourceTree = "<group>"; };
		65D226B6222AFEA500D85CFA /* Assets.xcassets */ = {isa = PBXFileReference; lastKnownFileType = folder.assetcatalog; path = Assets.xcassets; sourceTree = "<group>"; };
		65D226B9222AFEA500D85CFA /* Base */ = {isa = PBXFileReference; lastKnownFileType = file.storyboard; name = Base; path = Base.lproj/LaunchScreen.storyboard; sourceTree = "<group>"; };
		65D226BB222AFEA500D85CFA /* Info.plist */ = {isa = PBXFileReference; lastKnownFileType = text.plist.xml; path = Info.plist; sourceTree = "<group>"; };
		65D226C1222BC01000D85CFA /* Entrents.swift */ = {isa = PBXFileReference; lastKnownFileType = sourcecode.swift; path = Entrents.swift; sourceTree = "<group>"; };
		BF43D2F4224DA035007CFC42 /* Extensions.swift */ = {isa = PBXFileReference; lastKnownFileType = sourcecode.swift; path = Extensions.swift; sourceTree = "<group>"; };
/* End PBXFileReference section */

/* Begin PBXFrameworksBuildPhase section */
		65D226A9222AFEA400D85CFA /* Frameworks */ = {
			isa = PBXFrameworksBuildPhase;
			buildActionMask = 2147483647;
			files = (
			);
			runOnlyForDeploymentPostprocessing = 0;
		};
/* End PBXFrameworksBuildPhase section */

/* Begin PBXGroup section */
		65D226A3222AFEA400D85CFA = {
			isa = PBXGroup;
			children = (
				65D226AE222AFEA400D85CFA /* AmusementPark */,
				65D226AD222AFEA400D85CFA /* Products */,
			);
			sourceTree = "<group>";
		};
		65D226AD222AFEA400D85CFA /* Products */ = {
			isa = PBXGroup;
			children = (
				65D226AC222AFEA400D85CFA /* AmusementPark.app */,
			);
			name = Products;
			sourceTree = "<group>";
		};
		65D226AE222AFEA400D85CFA /* AmusementPark */ = {
			isa = PBXGroup;
			children = (
				65D226B1222AFEA400D85CFA /* ViewController.swift */,
				6516037A2248969D00D99718 /* EntrantErrors.swift */,
				65D226C1222BC01000D85CFA /* Entrents.swift */,
				656DF20F223EC09E00FE3848 /* Kiosk.swift */,
				656DF20B223E2B2700FE3848 /* Passes.swift */,
				656DF20D223E2CB700FE3848 /* Test.swift */,
				65D226AF222AFEA400D85CFA /* AppDelegate.swift */,
				65D226B3222AFEA400D85CFA /* Main.storyboard */,
				65D226B8222AFEA500D85CFA /* LaunchScreen.storyboard */,
				65D226BB222AFEA500D85CFA /* Info.plist */,
				65D226B6222AFEA500D85CFA /* Assets.xcassets */,
				BF43D2F4224DA035007CFC42 /* Extensions.swift */,
			);
			path = AmusementPark;
			sourceTree = "<group>";
		};
/* End PBXGroup section */

/* Begin PBXNativeTarget section */
		65D226AB222AFEA400D85CFA /* AmusementPark */ = {
			isa = PBXNativeTarget;
			buildConfigurationList = 65D226BE222AFEA500D85CFA /* Build configuration list for PBXNativeTarget "AmusementPark" */;
			buildPhases = (
				65D226A8222AFEA400D85CFA /* Sources */,
				65D226A9222AFEA400D85CFA /* Frameworks */,
				65D226AA222AFEA400D85CFA /* Resources */,
			);
			buildRules = (
			);
			dependencies = (
			);
			name = AmusementPark;
			productName = AmusementPark;
			productReference = 65D226AC222AFEA400D85CFA /* AmusementPark.app */;
			productType = "com.apple.product-type.application";
		};
/* End PBXNativeTarget section */

/* Begin PBXProject section */
		65D226A4222AFEA400D85CFA /* Project object */ = {
			isa = PBXProject;
			attributes = {
				LastSwiftUpdateCheck = 1010;
				LastUpgradeCheck = 1010;
				ORGANIZATIONNAME = SantosAndrea;
				TargetAttributes = {
					65D226AB222AFEA400D85CFA = {
						CreatedOnToolsVersion = 10.1;
					};
				};
			};
			buildConfigurationList = 65D226A7222AFEA400D85CFA /* Build configuration list for PBXProject "AmusementPark" */;
			compatibilityVersion = "Xcode 9.3";
			developmentRegion = en;
			hasScannedForEncodings = 0;
			knownRegions = (
				en,
				Base,
			);
			mainGroup = 65D226A3222AFEA400D85CFA;
			productRefGroup = 65D226AD222AFEA400D85CFA /* Products */;
			projectDirPath = "";
			projectRoot = "";
			targets = (
				65D226AB222AFEA400D85CFA /* AmusementPark */,
			);
		};
/* End PBXProject section */

/* Begin PBXResourcesBuildPhase section */
		65D226AA222AFEA400D85CFA /* Resources */ = {
			isa = PBXResourcesBuildPhase;
			buildActionMask = 2147483647;
			files = (
				65D226BA222AFEA500D85CFA /* LaunchScreen.storyboard in Resources */,
				65D226B7222AFEA500D85CFA /* Assets.xcassets in Resources */,
				65D226B5222AFEA400D85CFA /* Main.storyboard in Resources */,
			);
			runOnlyForDeploymentPostprocessing = 0;
		};
/* End PBXResourcesBuildPhase section */

/* Begin PBXSourcesBuildPhase section */
		65D226A8222AFEA400D85CFA /* Sources */ = {
			isa = PBXSourcesBuildPhase;
			buildActionMask = 2147483647;
			files = (
				65D226C2222BC01000D85CFA /* Entrents.swift in Sources */,
				656DF20C223E2B2700FE3848 /* Passes.swift in Sources */,
				656DF20E223E2CB700FE3848 /* Test.swift in Sources */,
				BF43D2F5224DA035007CFC42 /* Extensions.swift in Sources */,
				6516037B2248969D00D99718 /* EntrantErrors.swift in Sources */,
				656DF210223EC09E00FE3848 /* Kiosk.swift in Sources */,
				65D226B2222AFEA400D85CFA /* ViewController.swift in Sources */,
				65D226B0222AFEA400D85CFA /* AppDelegate.swift in Sources */,
			);
			runOnlyForDeploymentPostprocessing = 0;
		};
/* End PBXSourcesBuildPhase section */

/* Begin PBXVariantGroup section */
		65D226B3222AFEA400D85CFA /* Main.storyboard */ = {
			isa = PBXVariantGroup;
			children = (
				65D226B4222AFEA400D85CFA /* Base */,
			);
			name = Main.storyboard;
			sourceTree = "<group>";
		};
		65D226B8222AFEA500D85CFA /* LaunchScreen.storyboard */ = {
			isa = PBXVariantGroup;
			children = (
				65D226B9222AFEA500D85CFA /* Base */,
			);
			name = LaunchScreen.storyboard;
			sourceTree = "<group>";
		};
/* End PBXVariantGroup section */

/* Begin XCBuildConfiguration section */
		65D226BC222AFEA500D85CFA /* Debug */ = {
			isa = XCBuildConfiguration;
			buildSettings = {
				ALWAYS_SEARCH_USER_PATHS = NO;
				CLANG_ANALYZER_NONNULL = YES;
				CLANG_ANALYZER_NUMBER_OBJECT_CONVERSION = YES_AGGRESSIVE;
				CLANG_CXX_LANGUAGE_STANDARD = "gnu++14";
				CLANG_CXX_LIBRARY = "libc++";
				CLANG_ENABLE_MODULES = YES;
				CLANG_ENABLE_OBJC_ARC = YES;
				CLANG_ENABLE_OBJC_WEAK = YES;
				CLANG_WARN_BLOCK_CAPTURE_AUTORELEASING = YES;
				CLANG_WARN_BOOL_CONVERSION = YES;
				CLANG_WARN_COMMA = YES;
				CLANG_WARN_CONSTANT_CONVERSION = YES;
				CLANG_WARN_DEPRECATED_OBJC_IMPLEMENTATIONS = YES;
				CLANG_WARN_DIRECT_OBJC_ISA_USAGE = YES_ERROR;
				CLANG_WARN_DOCUMENTATION_COMMENTS = YES;
				CLANG_WARN_EMPTY_BODY = YES;
				CLANG_WARN_ENUM_CONVERSION = YES;
				CLANG_WARN_INFINITE_RECURSION = YES;
				CLANG_WARN_INT_CONVERSION = YES;
				CLANG_WARN_NON_LITERAL_NULL_CONVERSION = YES;
				CLANG_WARN_OBJC_IMPLICIT_RETAIN_SELF = YES;
				CLANG_WARN_OBJC_LITERAL_CONVERSION = YES;
				CLANG_WARN_OBJC_ROOT_CLASS = YES_ERROR;
				CLANG_WARN_RANGE_LOOP_ANALYSIS = YES;
				CLANG_WARN_STRICT_PROTOTYPES = YES;
				CLANG_WARN_SUSPICIOUS_MOVE = YES;
				CLANG_WARN_UNGUARDED_AVAILABILITY = YES_AGGRESSIVE;
				CLANG_WARN_UNREACHABLE_CODE = YES;
				CLANG_WARN__DUPLICATE_METHOD_MATCH = YES;
				CODE_SIGN_IDENTITY = "iPhone Developer";
				COPY_PHASE_STRIP = NO;
				DEBUG_INFORMATION_FORMAT = dwarf;
				ENABLE_STRICT_OBJC_MSGSEND = YES;
				ENABLE_TESTABILITY = YES;
				GCC_C_LANGUAGE_STANDARD = gnu11;
				GCC_DYNAMIC_NO_PIC = NO;
				GCC_NO_COMMON_BLOCKS = YES;
				GCC_OPTIMIZATION_LEVEL = 0;
				GCC_PREPROCESSOR_DEFINITIONS = (
					"DEBUG=1",
					"$(inherited)",
				);
				GCC_WARN_64_TO_32_BIT_CONVERSION = YES;
				GCC_WARN_ABOUT_RETURN_TYPE = YES_ERROR;
				GCC_WARN_UNDECLARED_SELECTOR = YES;
				GCC_WARN_UNINITIALIZED_AUTOS = YES_AGGRESSIVE;
				GCC_WARN_UNUSED_FUNCTION = YES;
				GCC_WARN_UNUSED_VARIABLE = YES;
				IPHONEOS_DEPLOYMENT_TARGET = 12.1;
				MTL_ENABLE_DEBUG_INFO = INCLUDE_SOURCE;
				MTL_FAST_MATH = YES;
				ONLY_ACTIVE_ARCH = YES;
				SDKROOT = iphoneos;
				SWIFT_ACTIVE_COMPILATION_CONDITIONS = DEBUG;
				SWIFT_OPTIMIZATION_LEVEL = "-Onone";
			};
			name = Debug;
		};
		65D226BD222AFEA500D85CFA /* Release */ = {
			isa = XCBuildConfiguration;
			buildSettings = {
				ALWAYS_SEARCH_USER_PATHS = NO;
				CLANG_ANALYZER_NONNULL = YES;
				CLANG_ANALYZER_NUMBER_OBJECT_CONVERSION = YES_AGGRESSIVE;
				CLANG_CXX_LANGUAGE_STANDARD = "gnu++14";
				CLANG_CXX_LIBRARY = "libc++";
				CLANG_ENABLE_MODULES = YES;
				CLANG_ENABLE_OBJC_ARC = YES;
				CLANG_ENABLE_OBJC_WEAK = YES;
				CLANG_WARN_BLOCK_CAPTURE_AUTORELEASING = YES;
				CLANG_WARN_BOOL_CONVERSION = YES;
				CLANG_WARN_COMMA = YES;
				CLANG_WARN_CONSTANT_CONVERSION = YES;
				CLANG_WARN_DEPRECATED_OBJC_IMPLEMENTATIONS = YES;
				CLANG_WARN_DIRECT_OBJC_ISA_USAGE = YES_ERROR;
				CLANG_WARN_DOCUMENTATION_COMMENTS = YES;
				CLANG_WARN_EMPTY_BODY = YES;
				CLANG_WARN_ENUM_CONVERSION = YES;
				CLANG_WARN_INFINITE_RECURSION = YES;
				CLANG_WARN_INT_CONVERSION = YES;
				CLANG_WARN_NON_LITERAL_NULL_CONVERSION = YES;
				CLANG_WARN_OBJC_IMPLICIT_RETAIN_SELF = YES;
				CLANG_WARN_OBJC_LITERAL_CONVERSION = YES;
				CLANG_WARN_OBJC_ROOT_CLASS = YES_ERROR;
				CLANG_WARN_RANGE_LOOP_ANALYSIS = YES;
				CLANG_WARN_STRICT_PROTOTYPES = YES;
				CLANG_WARN_SUSPICIOUS_MOVE = YES;
				CLANG_WARN_UNGUARDED_AVAILABILITY = YES_AGGRESSIVE;
				CLANG_WARN_UNREACHABLE_CODE = YES;
				CLANG_WARN__DUPLICATE_METHOD_MATCH = YES;
				CODE_SIGN_IDENTITY = "iPhone Developer";
				COPY_PHASE_STRIP = NO;
				DEBUG_INFORMATION_FORMAT = "dwarf-with-dsym";
				ENABLE_NS_ASSERTIONS = NO;
				ENABLE_STRICT_OBJC_MSGSEND = YES;
				GCC_C_LANGUAGE_STANDARD = gnu11;
				GCC_NO_COMMON_BLOCKS = YES;
				GCC_WARN_64_TO_32_BIT_CONVERSION = YES;
				GCC_WARN_ABOUT_RETURN_TYPE = YES_ERROR;
				GCC_WARN_UNDECLARED_SELECTOR = YES;
				GCC_WARN_UNINITIALIZED_AUTOS = YES_AGGRESSIVE;
				GCC_WARN_UNUSED_FUNCTION = YES;
				GCC_WARN_UNUSED_VARIABLE = YES;
				IPHONEOS_DEPLOYMENT_TARGET = 12.1;
				MTL_ENABLE_DEBUG_INFO = NO;
				MTL_FAST_MATH = YES;
				SDKROOT = iphoneos;
				SWIFT_COMPILATION_MODE = wholemodule;
				SWIFT_OPTIMIZATION_LEVEL = "-O";
				VALIDATE_PRODUCT = YES;
			};
			name = Release;
		};
		65D226BF222AFEA500D85CFA /* Debug */ = {
			isa = XCBuildConfiguration;
			buildSettings = {
				ASSETCATALOG_COMPILER_APPICON_NAME = AppIcon;
				CODE_SIGN_STYLE = Automatic;
				DEVELOPMENT_TEAM = T5YN2BB5MB;
				INFOPLIST_FILE = AmusementPark/Info.plist;
				LD_RUNPATH_SEARCH_PATHS = (
					"$(inherited)",
					"@executable_path/Frameworks",
				);
				PRODUCT_BUNDLE_IDENTIFIER = com.SantosAndrea.AmusementPark;
				PRODUCT_NAME = "$(TARGET_NAME)";
				SWIFT_VERSION = 4.2;
				TARGETED_DEVICE_FAMILY = "1,2";
			};
			name = Debug;
		};
		65D226C0222AFEA500D85CFA /* Release */ = {
			isa = XCBuildConfiguration;
			buildSettings = {
				ASSETCATALOG_COMPILER_APPICON_NAME = AppIcon;
				CODE_SIGN_STYLE = Automatic;
				DEVELOPMENT_TEAM = T5YN2BB5MB;
				INFOPLIST_FILE = AmusementPark/Info.plist;
				LD_RUNPATH_SEARCH_PATHS = (
					"$(inherited)",
					"@executable_path/Frameworks",
				);
				PRODUCT_BUNDLE_IDENTIFIER = com.SantosAndrea.AmusementPark;
				PRODUCT_NAME = "$(TARGET_NAME)";
				SWIFT_VERSION = 4.2;
				TARGETED_DEVICE_FAMILY = "1,2";
			};
			name = Release;
		};
/* End XCBuildConfiguration section */

/* Begin XCConfigurationList section */
		65D226A7222AFEA400D85CFA /* Build configuration list for PBXProject "AmusementPark" */ = {
			isa = XCConfigurationList;
			buildConfigurations = (
				65D226BC222AFEA500D85CFA /* Debug */,
				65D226BD222AFEA500D85CFA /* Release */,
			);
			defaultConfigurationIsVisible = 0;
			defaultConfigurationName = Release;
		};
		65D226BE222AFEA500D85CFA /* Build configuration list for PBXNativeTarget "AmusementPark" */ = {
			isa = XCConfigurationList;
			buildConfigurations = (
				65D226BF222AFEA500D85CFA /* Debug */,
				65D226C0222AFEA500D85CFA /* Release */,
			);
			defaultConfigurationIsVisible = 0;
			defaultConfigurationName = Release;
		};
/* End XCConfigurationList section */
	};
	rootObject = 65D226A4222AFEA400D85CFA /* Project object */;
}
